
Microsoft Visual Studio Solution File, Format Version 12.00
# Visual Studio 15
Project("{FAE04EC0-301F-11D3-BF4B-00C04F79EFBC}") = "CursoWebApi", "CursoWebApi.csproj", "{C735143C-9EBB-4F3C-857B-44DED82F989D}"
EndProject
Global
	GlobalSection(SolutionConfigurationPlatforms) = preSolution
		Debug|Any CPU = Debug|Any CPU
		Release|Any CPU = Release|Any CPU
	EndGlobalSection
	GlobalSection(ProjectConfigurationPlatforms) = postSolution
		{C735143C-9EBB-4F3C-857B-44DED82F989D}.Debug|Any CPU.ActiveCfg = Debug|Any CPU
		{C735143C-9EBB-4F3C-857B-44DED82F989D}.Debug|Any CPU.Build.0 = Debug|Any CPU
		{C735143C-9EBB-4F3C-857B-44DED82F989D}.Release|Any CPU.ActiveCfg = Release|Any CPU
		{C735143C-9EBB-4F3C-857B-44DED82F989D}.Release|Any CPU.Build.0 = Release|Any CPU
	EndGlobalSection
EndGlobal
